// !$*UTF8*$!
{
	archiveVersion = 1;
	classes = {
	};
	objectVersion = 56;
	objects = {

/* Begin PBXBuildFile section */
		D039162729CB8819008A810F /* ContentView.swift in Sources */ = {isa = PBXBuildFile; fileRef = D039162629CB8819008A810F /* ContentView.swift */; };
		D039162929CB8A61008A810F /* DetailView.swift in Sources */ = {isa = PBXBuildFile; fileRef = D039162829CB8A61008A810F /* DetailView.swift */; };
		D03F7C0829C2DAD900F87789 /* AssignmentOneApp.swift in Sources */ = {isa = PBXBuildFile; fileRef = D03F7C0729C2DAD900F87789 /* AssignmentOneApp.swift */; };
		D03F7C0C29C2DADA00F87789 /* Assets.xcassets in Resources */ = {isa = PBXBuildFile; fileRef = D03F7C0B29C2DADA00F87789 /* Assets.xcassets */; };
		D03F7C0F29C2DADA00F87789 /* Preview Assets.xcassets in Resources */ = {isa = PBXBuildFile; fileRef = D03F7C0E29C2DADA00F87789 /* Preview Assets.xcassets */; };
		D03F7C1929C2DADB00F87789 /* AssignmentOneTests.swift in Sources */ = {isa = PBXBuildFile; fileRef = D03F7C1829C2DADB00F87789 /* AssignmentOneTests.swift */; };
		D03F7C2329C2DADB00F87789 /* AssignmentOneUITests.swift in Sources */ = {isa = PBXBuildFile; fileRef = D03F7C2229C2DADB00F87789 /* AssignmentOneUITests.swift */; };
		D03F7C2529C2DADB00F87789 /* AssignmentOneUITestsLaunchTests.swift in Sources */ = {isa = PBXBuildFile; fileRef = D03F7C2429C2DADB00F87789 /* AssignmentOneUITestsLaunchTests.swift */; };
		D085C32729D9FD9900CA494E /* DayNameView.swift in Sources */ = {isa = PBXBuildFile; fileRef = D085C32629D9FD9900CA494E /* DayNameView.swift */; };
		D0960D7E29C9A912007E8D23 /* DataModel.swift in Sources */ = {isa = PBXBuildFile; fileRef = D0960D7D29C9A912007E8D23 /* DataModel.swift */; };
		D0960D7F29C9A999007E8D23 /* DataModel.swift in Sources */ = {isa = PBXBuildFile; fileRef = D0960D7D29C9A912007E8D23 /* DataModel.swift */; };
		D0960D8129C9AB81007E8D23 /* MasterView.swift in Sources */ = {isa = PBXBuildFile; fileRef = D0960D8029C9AB81007E8D23 /* MasterView.swift */; };
		D0A3F42A29D5A2D4005FE135 /* ListRowView.swift in Sources */ = {isa = PBXBuildFile; fileRef = D0A3F42929D5A2D4005FE135 /* ListRowView.swift */; };
/* End PBXBuildFile section */

/* Begin PBXContainerItemProxy section */
		D03F7C1529C2DADB00F87789 /* PBXContainerItemProxy */ = {
			isa = PBXContainerItemProxy;
			containerPortal = D03F7BFC29C2DAD900F87789 /* Project object */;
			proxyType = 1;
			remoteGlobalIDString = D03F7C0329C2DAD900F87789;
			remoteInfo = AssignmentOne;
		};
		D03F7C1F29C2DADB00F87789 /* PBXContainerItemProxy */ = {
			isa = PBXContainerItemProxy;
			containerPortal = D03F7BFC29C2DAD900F87789 /* Project object */;
			proxyType = 1;
			remoteGlobalIDString = D03F7C0329C2DAD900F87789;
			remoteInfo = AssignmentOne;
		};
/* End PBXContainerItemProxy section */

/* Begin PBXFileReference section */
		D039162629CB8819008A810F /* ContentView.swift */ = {isa = PBXFileReference; lastKnownFileType = sourcecode.swift; path = ContentView.swift; sourceTree = "<group>"; };
		D039162829CB8A61008A810F /* DetailView.swift */ = {isa = PBXFileReference; lastKnownFileType = sourcecode.swift; path = DetailView.swift; sourceTree = "<group>"; };
		D03F7C0429C2DAD900F87789 /* AssignmentOne.app */ = {isa = PBXFileReference; explicitFileType = wrapper.application; includeInIndex = 0; path = AssignmentOne.app; sourceTree = BUILT_PRODUCTS_DIR; };
		D03F7C0729C2DAD900F87789 /* AssignmentOneApp.swift */ = {isa = PBXFileReference; lastKnownFileType = sourcecode.swift; path = AssignmentOneApp.swift; sourceTree = "<group>"; };
		D03F7C0B29C2DADA00F87789 /* Assets.xcassets */ = {isa = PBXFileReference; lastKnownFileType = folder.assetcatalog; path = Assets.xcassets; sourceTree = "<group>"; };
		D03F7C0E29C2DADA00F87789 /* Preview Assets.xcassets */ = {isa = PBXFileReference; lastKnownFileType = folder.assetcatalog; path = "Preview Assets.xcassets"; sourceTree = "<group>"; };
		D03F7C1429C2DADB00F87789 /* AssignmentOneTests.xctest */ = {isa = PBXFileReference; explicitFileType = wrapper.cfbundle; includeInIndex = 0; path = AssignmentOneTests.xctest; sourceTree = BUILT_PRODUCTS_DIR; };
		D03F7C1829C2DADB00F87789 /* AssignmentOneTests.swift */ = {isa = PBXFileReference; lastKnownFileType = sourcecode.swift; path = AssignmentOneTests.swift; sourceTree = "<group>"; };
		D03F7C1E29C2DADB00F87789 /* AssignmentOneUITests.xctest */ = {isa = PBXFileReference; explicitFileType = wrapper.cfbundle; includeInIndex = 0; path = AssignmentOneUITests.xctest; sourceTree = BUILT_PRODUCTS_DIR; };
		D03F7C2229C2DADB00F87789 /* AssignmentOneUITests.swift */ = {isa = PBXFileReference; lastKnownFileType = sourcecode.swift; path = AssignmentOneUITests.swift; sourceTree = "<group>"; };
		D03F7C2429C2DADB00F87789 /* AssignmentOneUITestsLaunchTests.swift */ = {isa = PBXFileReference; lastKnownFileType = sourcecode.swift; path = AssignmentOneUITestsLaunchTests.swift; sourceTree = "<group>"; };
		D085C32629D9FD9900CA494E /* DayNameView.swift */ = {isa = PBXFileReference; lastKnownFileType = sourcecode.swift; path = DayNameView.swift; sourceTree = "<group>"; };
		D0960D7C29C9A50F007E8D23 /* ReadMe.md */ = {isa = PBXFileReference; lastKnownFileType = net.daringfireball.markdown; path = ReadMe.md; sourceTree = "<group>"; };
		D0960D7D29C9A912007E8D23 /* DataModel.swift */ = {isa = PBXFileReference; lastKnownFileType = sourcecode.swift; path = DataModel.swift; sourceTree = "<group>"; };
		D0960D8029C9AB81007E8D23 /* MasterView.swift */ = {isa = PBXFileReference; lastKnownFileType = sourcecode.swift; path = MasterView.swift; sourceTree = "<group>"; };
		D0A3F42929D5A2D4005FE135 /* ListRowView.swift */ = {isa = PBXFileReference; lastKnownFileType = sourcecode.swift; path = ListRowView.swift; sourceTree = "<group>"; };
/* End PBXFileReference section */

/* Begin PBXFrameworksBuildPhase section */
		D03F7C0129C2DAD900F87789 /* Frameworks */ = {
			isa = PBXFrameworksBuildPhase;
			buildActionMask = 2147483647;
			files = (
			);
			runOnlyForDeploymentPostprocessing = 0;
		};
		D03F7C1129C2DADB00F87789 /* Frameworks */ = {
			isa = PBXFrameworksBuildPhase;
			buildActionMask = 2147483647;
			files = (
			);
			runOnlyForDeploymentPostprocessing = 0;
		};
		D03F7C1B29C2DADB00F87789 /* Frameworks */ = {
			isa = PBXFrameworksBuildPhase;
			buildActionMask = 2147483647;
			files = (
			);
			runOnlyForDeploymentPostprocessing = 0;
		};
/* End PBXFrameworksBuildPhase section */

/* Begin PBXGroup section */
		D039162129CB70FD008A810F /* Views */ = {
			isa = PBXGroup;
			children = (
				D03F7C0729C2DAD900F87789 /* AssignmentOneApp.swift */,
				D039162629CB8819008A810F /* ContentView.swift */,
				D0960D8029C9AB81007E8D23 /* MasterView.swift */,
				D039162829CB8A61008A810F /* DetailView.swift */,
				D0A3F42929D5A2D4005FE135 /* ListRowView.swift */,
				D085C32629D9FD9900CA494E /* DayNameView.swift */,
			);
			path = Views;
			sourceTree = "<group>";
		};
		D03F7BFB29C2DAD900F87789 = {
			isa = PBXGroup;
			children = (
				D03F7C0629C2DAD900F87789 /* AssignmentOne */,
				D03F7C1729C2DADB00F87789 /* AssignmentOneTests */,
				D03F7C2129C2DADB00F87789 /* AssignmentOneUITests */,
				D03F7C0529C2DAD900F87789 /* Products */,
			);
			sourceTree = "<group>";
		};
		D03F7C0529C2DAD900F87789 /* Products */ = {
			isa = PBXGroup;
			children = (
				D03F7C0429C2DAD900F87789 /* AssignmentOne.app */,
				D03F7C1429C2DADB00F87789 /* AssignmentOneTests.xctest */,
				D03F7C1E29C2DADB00F87789 /* AssignmentOneUITests.xctest */,
			);
			name = Products;
			sourceTree = "<group>";
		};
		D03F7C0629C2DAD900F87789 /* AssignmentOne */ = {
			isa = PBXGroup;
			children = (
				D039162129CB70FD008A810F /* Views */,
				D0960D7C29C9A50F007E8D23 /* ReadMe.md */,
				D0960D7D29C9A912007E8D23 /* DataModel.swift */,
				D03F7C0B29C2DADA00F87789 /* Assets.xcassets */,
				D03F7C0D29C2DADA00F87789 /* Preview Content */,
			);
			path = AssignmentOne;
			sourceTree = "<group>";
		};
		D03F7C0D29C2DADA00F87789 /* Preview Content */ = {
			isa = PBXGroup;
			children = (
				D03F7C0E29C2DADA00F87789 /* Preview Assets.xcassets */,
			);
			path = "Preview Content";
			sourceTree = "<group>";
		};
		D03F7C1729C2DADB00F87789 /* AssignmentOneTests */ = {
			isa = PBXGroup;
			children = (
				D03F7C1829C2DADB00F87789 /* AssignmentOneTests.swift */,
			);
			path = AssignmentOneTests;
			sourceTree = "<group>";
		};
		D03F7C2129C2DADB00F87789 /* AssignmentOneUITests */ = {
			isa = PBXGroup;
			children = (
				D03F7C2229C2DADB00F87789 /* AssignmentOneUITests.swift */,
				D03F7C2429C2DADB00F87789 /* AssignmentOneUITestsLaunchTests.swift */,
			);
			path = AssignmentOneUITests;
			sourceTree = "<group>";
		};
/* End PBXGroup section */

/* Begin PBXNativeTarget section */
		D03F7C0329C2DAD900F87789 /* AssignmentOne */ = {
			isa = PBXNativeTarget;
			buildConfigurationList = D03F7C2829C2DADB00F87789 /* Build configuration list for PBXNativeTarget "AssignmentOne" */;
			buildPhases = (
				D03F7C0029C2DAD900F87789 /* Sources */,
				D03F7C0129C2DAD900F87789 /* Frameworks */,
				D03F7C0229C2DAD900F87789 /* Resources */,
			);
			buildRules = (
			);
			dependencies = (
			);
			name = AssignmentOne;
			productName = AssignmentOne;
			productReference = D03F7C0429C2DAD900F87789 /* AssignmentOne.app */;
			productType = "com.apple.product-type.application";
		};
		D03F7C1329C2DADB00F87789 /* AssignmentOneTests */ = {
			isa = PBXNativeTarget;
			buildConfigurationList = D03F7C2B29C2DADB00F87789 /* Build configuration list for PBXNativeTarget "AssignmentOneTests" */;
			buildPhases = (
				D03F7C1029C2DADB00F87789 /* Sources */,
				D03F7C1129C2DADB00F87789 /* Frameworks */,
				D03F7C1229C2DADB00F87789 /* Resources */,
			);
			buildRules = (
			);
			dependencies = (
				D03F7C1629C2DADB00F87789 /* PBXTargetDependency */,
			);
			name = AssignmentOneTests;
			productName = AssignmentOneTests;
			productReference = D03F7C1429C2DADB00F87789 /* AssignmentOneTests.xctest */;
			productType = "com.apple.product-type.bundle.unit-test";
		};
		D03F7C1D29C2DADB00F87789 /* AssignmentOneUITests */ = {
			isa = PBXNativeTarget;
			buildConfigurationList = D03F7C2E29C2DADB00F87789 /* Build configuration list for PBXNativeTarget "AssignmentOneUITests" */;
			buildPhases = (
				D03F7C1A29C2DADB00F87789 /* Sources */,
				D03F7C1B29C2DADB00F87789 /* Frameworks */,
				D03F7C1C29C2DADB00F87789 /* Resources */,
			);
			buildRules = (
			);
			dependencies = (
				D03F7C2029C2DADB00F87789 /* PBXTargetDependency */,
			);
			name = AssignmentOneUITests;
			productName = AssignmentOneUITests;
			productReference = D03F7C1E29C2DADB00F87789 /* AssignmentOneUITests.xctest */;
			productType = "com.apple.product-type.bundle.ui-testing";
		};
/* End PBXNativeTarget section */

/* Begin PBXProject section */
		D03F7BFC29C2DAD900F87789 /* Project object */ = {
			isa = PBXProject;
			attributes = {
				BuildIndependentTargetsInParallel = 1;
				LastSwiftUpdateCheck = 1420;
				LastUpgradeCheck = 1420;
				TargetAttributes = {
					D03F7C0329C2DAD900F87789 = {
						CreatedOnToolsVersion = 14.2;
					};
					D03F7C1329C2DADB00F87789 = {
						CreatedOnToolsVersion = 14.2;
						TestTargetID = D03F7C0329C2DAD900F87789;
					};
					D03F7C1D29C2DADB00F87789 = {
						CreatedOnToolsVersion = 14.2;
						TestTargetID = D03F7C0329C2DAD900F87789;
					};
				};
			};
			buildConfigurationList = D03F7BFF29C2DAD900F87789 /* Build configuration list for PBXProject "AssignmentOne" */;
			compatibilityVersion = "Xcode 14.0";
			developmentRegion = en;
			hasScannedForEncodings = 0;
			knownRegions = (
				en,
				Base,
			);
			mainGroup = D03F7BFB29C2DAD900F87789;
			productRefGroup = D03F7C0529C2DAD900F87789 /* Products */;
			projectDirPath = "";
			projectRoot = "";
			targets = (
				D03F7C0329C2DAD900F87789 /* AssignmentOne */,
				D03F7C1329C2DADB00F87789 /* AssignmentOneTests */,
				D03F7C1D29C2DADB00F87789 /* AssignmentOneUITests */,
			);
		};
/* End PBXProject section */

/* Begin PBXResourcesBuildPhase section */
		D03F7C0229C2DAD900F87789 /* Resources */ = {
			isa = PBXResourcesBuildPhase;
			buildActionMask = 2147483647;
			files = (
				D03F7C0F29C2DADA00F87789 /* Preview Assets.xcassets in Resources */,
				D03F7C0C29C2DADA00F87789 /* Assets.xcassets in Resources */,
			);
			runOnlyForDeploymentPostprocessing = 0;
		};
		D03F7C1229C2DADB00F87789 /* Resources */ = {
			isa = PBXResourcesBuildPhase;
			buildActionMask = 2147483647;
			files = (
			);
			runOnlyForDeploymentPostprocessing = 0;
		};
		D03F7C1C29C2DADB00F87789 /* Resources */ = {
			isa = PBXResourcesBuildPhase;
			buildActionMask = 2147483647;
			files = (
			);
			runOnlyForDeploymentPostprocessing = 0;
		};
/* End PBXResourcesBuildPhase section */

/* Begin PBXSourcesBuildPhase section */
		D03F7C0029C2DAD900F87789 /* Sources */ = {
			isa = PBXSourcesBuildPhase;
			buildActionMask = 2147483647;
			files = (
				D03F7C0829C2DAD900F87789 /* AssignmentOneApp.swift in Sources */,
				D039162929CB8A61008A810F /* DetailView.swift in Sources */,
				D039162729CB8819008A810F /* ContentView.swift in Sources */,
				D085C32729D9FD9900CA494E /* DayNameView.swift in Sources */,
				D0960D8129C9AB81007E8D23 /* MasterView.swift in Sources */,
				D0960D7E29C9A912007E8D23 /* DataModel.swift in Sources */,
				D0A3F42A29D5A2D4005FE135 /* ListRowView.swift in Sources */,
			);
			runOnlyForDeploymentPostprocessing = 0;
		};
		D03F7C1029C2DADB00F87789 /* Sources */ = {
			isa = PBXSourcesBuildPhase;
			buildActionMask = 2147483647;
			files = (
				D03F7C1929C2DADB00F87789 /* AssignmentOneTests.swift in Sources */,
				D0960D7F29C9A999007E8D23 /* DataModel.swift in Sources */,
			);
			runOnlyForDeploymentPostprocessing = 0;
		};
		D03F7C1A29C2DADB00F87789 /* Sources */ = {
			isa = PBXSourcesBuildPhase;
			buildActionMask = 2147483647;
			files = (
				D03F7C2529C2DADB00F87789 /* AssignmentOneUITestsLaunchTests.swift in Sources */,
				D03F7C2329C2DADB00F87789 /* AssignmentOneUITests.swift in Sources */,
			);
			runOnlyForDeploymentPostprocessing = 0;
		};
/* End PBXSourcesBuildPhase section */

/* Begin PBXTargetDependency section */
		D03F7C1629C2DADB00F87789 /* PBXTargetDependency */ = {
			isa = PBXTargetDependency;
			target = D03F7C0329C2DAD900F87789 /* AssignmentOne */;
			targetProxy = D03F7C1529C2DADB00F87789 /* PBXContainerItemProxy */;
		};
		D03F7C2029C2DADB00F87789 /* PBXTargetDependency */ = {
			isa = PBXTargetDependency;
			target = D03F7C0329C2DAD900F87789 /* AssignmentOne */;
			targetProxy = D03F7C1F29C2DADB00F87789 /* PBXContainerItemProxy */;
		};
/* End PBXTargetDependency section */

/* Begin XCBuildConfiguration section */
		D03F7C2629C2DADB00F87789 /* Debug */ = {
			isa = XCBuildConfiguration;
			buildSettings = {
				ALWAYS_SEARCH_USER_PATHS = NO;
				CLANG_ANALYZER_NONNULL = YES;
				CLANG_ANALYZER_NUMBER_OBJECT_CONVERSION = YES_AGGRESSIVE;
				CLANG_CXX_LANGUAGE_STANDARD = "gnu++20";
				CLANG_ENABLE_MODULES = YES;
				CLANG_ENABLE_OBJC_ARC = YES;
				CLANG_ENABLE_OBJC_WEAK = YES;
				CLANG_WARN_BLOCK_CAPTURE_AUTORELEASING = YES;
				CLANG_WARN_BOOL_CONVERSION = YES;
				CLANG_WARN_COMMA = YES;
				CLANG_WARN_CONSTANT_CONVERSION = YES;
				CLANG_WARN_DEPRECATED_OBJC_IMPLEMENTATIONS = YES;
				CLANG_WARN_DIRECT_OBJC_ISA_USAGE = YES_ERROR;
				CLANG_WARN_DOCUMENTATION_COMMENTS = YES;
				CLANG_WARN_EMPTY_BODY = YES;
				CLANG_WARN_ENUM_CONVERSION = YES;
				CLANG_WARN_INFINITE_RECURSION = YES;
				CLANG_WARN_INT_CONVERSION = YES;
				CLANG_WARN_NON_LITERAL_NULL_CONVERSION = YES;
				CLANG_WARN_OBJC_IMPLICIT_RETAIN_SELF = YES;
				CLANG_WARN_OBJC_LITERAL_CONVERSION = YES;
				CLANG_WARN_OBJC_ROOT_CLASS = YES_ERROR;
				CLANG_WARN_QUOTED_INCLUDE_IN_FRAMEWORK_HEADER = YES;
				CLANG_WARN_RANGE_LOOP_ANALYSIS = YES;
				CLANG_WARN_STRICT_PROTOTYPES = YES;
				CLANG_WARN_SUSPICIOUS_MOVE = YES;
				CLANG_WARN_UNGUARDED_AVAILABILITY = YES_AGGRESSIVE;
				CLANG_WARN_UNREACHABLE_CODE = YES;
				CLANG_WARN__DUPLICATE_METHOD_MATCH = YES;
				COPY_PHASE_STRIP = NO;
				DEBUG_INFORMATION_FORMAT = dwarf;
				ENABLE_STRICT_OBJC_MSGSEND = YES;
				ENABLE_TESTABILITY = YES;
				GCC_C_LANGUAGE_STANDARD = gnu11;
				GCC_DYNAMIC_NO_PIC = NO;
				GCC_NO_COMMON_BLOCKS = YES;
				GCC_OPTIMIZATION_LEVEL = 0;
				GCC_PREPROCESSOR_DEFINITIONS = (
					"DEBUG=1",
					"$(inherited)",
				);
				GCC_WARN_64_TO_32_BIT_CONVERSION = YES;
				GCC_WARN_ABOUT_RETURN_TYPE = YES_ERROR;
				GCC_WARN_UNDECLARED_SELECTOR = YES;
				GCC_WARN_UNINITIALIZED_AUTOS = YES_AGGRESSIVE;
				GCC_WARN_UNUSED_FUNCTION = YES;
				GCC_WARN_UNUSED_VARIABLE = YES;
				IPHONEOS_DEPLOYMENT_TARGET = 16.2;
				MTL_ENABLE_DEBUG_INFO = INCLUDE_SOURCE;
				MTL_FAST_MATH = YES;
				ONLY_ACTIVE_ARCH = YES;
				SDKROOT = iphoneos;
				SWIFT_ACTIVE_COMPILATION_CONDITIONS = DEBUG;
				SWIFT_OPTIMIZATION_LEVEL = "-Onone";
			};
			name = Debug;
		};
		D03F7C2729C2DADB00F87789 /* Release */ = {
			isa = XCBuildConfiguration;
			buildSettings = {
				ALWAYS_SEARCH_USER_PATHS = NO;
				CLANG_ANALYZER_NONNULL = YES;
				CLANG_ANALYZER_NUMBER_OBJECT_CONVERSION = YES_AGGRESSIVE;
				CLANG_CXX_LANGUAGE_STANDARD = "gnu++20";
				CLANG_ENABLE_MODULES = YES;
				CLANG_ENABLE_OBJC_ARC = YES;
				CLANG_ENABLE_OBJC_WEAK = YES;
				CLANG_WARN_BLOCK_CAPTURE_AUTORELEASING = YES;
				CLANG_WARN_BOOL_CONVERSION = YES;
				CLANG_WARN_COMMA = YES;
				CLANG_WARN_CONSTANT_CONVERSION = YES;
				CLANG_WARN_DEPRECATED_OBJC_IMPLEMENTATIONS = YES;
				CLANG_WARN_DIRECT_OBJC_ISA_USAGE = YES_ERROR;
				CLANG_WARN_DOCUMENTATION_COMMENTS = YES;
				CLANG_WARN_EMPTY_BODY = YES;
				CLANG_WARN_ENUM_CONVERSION = YES;
				CLANG_WARN_INFINITE_RECURSION = YES;
				CLANG_WARN_INT_CONVERSION = YES;
				CLANG_WARN_NON_LITERAL_NULL_CONVERSION = YES;
				CLANG_WARN_OBJC_IMPLICIT_RETAIN_SELF = YES;
				CLANG_WARN_OBJC_LITERAL_CONVERSION = YES;
				CLANG_WARN_OBJC_ROOT_CLASS = YES_ERROR;
				CLANG_WARN_QUOTED_INCLUDE_IN_FRAMEWORK_HEADER = YES;
				CLANG_WARN_RANGE_LOOP_ANALYSIS = YES;
				CLANG_WARN_STRICT_PROTOTYPES = YES;
				CLANG_WARN_SUSPICIOUS_MOVE = YES;
				CLANG_WARN_UNGUARDED_AVAILABILITY = YES_AGGRESSIVE;
				CLANG_WARN_UNREACHABLE_CODE = YES;
				CLANG_WARN__DUPLICATE_METHOD_MATCH = YES;
				COPY_PHASE_STRIP = NO;
				DEBUG_INFORMATION_FORMAT = "dwarf-with-dsym";
				ENABLE_NS_ASSERTIONS = NO;
				ENABLE_STRICT_OBJC_MSGSEND = YES;
				GCC_C_LANGUAGE_STANDARD = gnu11;
				GCC_NO_COMMON_BLOCKS = YES;
				GCC_WARN_64_TO_32_BIT_CONVERSION = YES;
				GCC_WARN_ABOUT_RETURN_TYPE = YES_ERROR;
				GCC_WARN_UNDECLARED_SELECTOR = YES;
				GCC_WARN_UNINITIALIZED_AUTOS = YES_AGGRESSIVE;
				GCC_WARN_UNUSED_FUNCTION = YES;
				GCC_WARN_UNUSED_VARIABLE = YES;
				IPHONEOS_DEPLOYMENT_TARGET = 16.2;
				MTL_ENABLE_DEBUG_INFO = NO;
				MTL_FAST_MATH = YES;
				SDKROOT = iphoneos;
				SWIFT_COMPILATION_MODE = wholemodule;
				SWIFT_OPTIMIZATION_LEVEL = "-O";
				VALIDATE_PRODUCT = YES;
			};
			name = Release;
		};
		D03F7C2929C2DADB00F87789 /* Debug */ = {
			isa = XCBuildConfiguration;
			buildSettings = {
				ASSETCATALOG_COMPILER_APPICON_NAME = AppIcon;
				ASSETCATALOG_COMPILER_GLOBAL_ACCENT_COLOR_NAME = AccentColor;
				CODE_SIGN_STYLE = Automatic;
				CURRENT_PROJECT_VERSION = 1;
				DEVELOPMENT_ASSET_PATHS = "\"AssignmentOne/Preview Content\"";
				ENABLE_PREVIEWS = YES;
				GENERATE_INFOPLIST_FILE = YES;
				INFOPLIST_KEY_UIApplicationSceneManifest_Generation = YES;
				INFOPLIST_KEY_UIApplicationSupportsIndirectInputEvents = YES;
				INFOPLIST_KEY_UILaunchScreen_Generation = YES;
				INFOPLIST_KEY_UISupportedInterfaceOrientations_iPad = "UIInterfaceOrientationPortrait UIInterfaceOrientationPortraitUpsideDown UIInterfaceOrientationLandscapeLeft UIInterfaceOrientationLandscapeRight";
				INFOPLIST_KEY_UISupportedInterfaceOrientations_iPhone = "UIInterfaceOrientationPortrait UIInterfaceOrientationLandscapeLeft UIInterfaceOrientationLandscapeRight";
				LD_RUNPATH_SEARCH_PATHS = (
					"$(inherited)",
					"@executable_path/Frameworks",
				);
				MARKETING_VERSION = 1.0;
				PRODUCT_BUNDLE_IDENTIFIER = "Griffith-Uni.AssignmentOne";
				PRODUCT_NAME = "$(TARGET_NAME)";
				SWIFT_EMIT_LOC_STRINGS = YES;
				SWIFT_VERSION = 5.0;
				TARGETED_DEVICE_FAMILY = "1,2";
			};
			name = Debug;
		};
		D03F7C2A29C2DADB00F87789 /* Release */ = {
			isa = XCBuildConfiguration;
			buildSettings = {
				ASSETCATALOG_COMPILER_APPICON_NAME = AppIcon;
				ASSETCATALOG_COMPILER_GLOBAL_ACCENT_COLOR_NAME = AccentColor;
				CODE_SIGN_STYLE = Automatic;
				CURRENT_PROJECT_VERSION = 1;
				DEVELOPMENT_ASSET_PATHS = "\"AssignmentOne/Preview Content\"";
				ENABLE_PREVIEWS = YES;
				GENERATE_INFOPLIST_FILE = YES;
				INFOPLIST_KEY_UIApplicationSceneManifest_Generation = YES;
				INFOPLIST_KEY_UIApplicationSupportsIndirectInputEvents = YES;
				INFOPLIST_KEY_UILaunchScreen_Generation = YES;
				INFOPLIST_KEY_UISupportedInterfaceOrientations_iPad = "UIInterfaceOrientationPortrait UIInterfaceOrientationPortraitUpsideDown UIInterfaceOrientationLandscapeLeft UIInterfaceOrientationLandscapeRight";
				INFOPLIST_KEY_UISupportedInterfaceOrientations_iPhone = "UIInterfaceOrientationPortrait UIInterfaceOrientationLandscapeLeft UIInterfaceOrientationLandscapeRight";
				LD_RUNPATH_SEARCH_PATHS = (
					"$(inherited)",
					"@executable_path/Frameworks",
				);
				MARKETING_VERSION = 1.0;
				PRODUCT_BUNDLE_IDENTIFIER = "Griffith-Uni.AssignmentOne";
				PRODUCT_NAME = "$(TARGET_NAME)";
				SWIFT_EMIT_LOC_STRINGS = YES;
				SWIFT_VERSION = 5.0;
				TARGETED_DEVICE_FAMILY = "1,2";
			};
			name = Release;
		};
		D03F7C2C29C2DADB00F87789 /* Debug */ = {
			isa = XCBuildConfiguration;
			buildSettings = {
				ALWAYS_EMBED_SWIFT_STANDARD_LIBRARIES = YES;
				BUNDLE_LOADER = "$(TEST_HOST)";
				CODE_SIGN_STYLE = Automatic;
				CURRENT_PROJECT_VERSION = 1;
				GENERATE_INFOPLIST_FILE = YES;
				IPHONEOS_DEPLOYMENT_TARGET = 16.2;
				MARKETING_VERSION = 1.0;
				PRODUCT_BUNDLE_IDENTIFIER = "Griffith-Uni.AssignmentOneTests";
				PRODUCT_NAME = "$(TARGET_NAME)";
				SWIFT_EMIT_LOC_STRINGS = NO;
				SWIFT_VERSION = 5.0;
				TARGETED_DEVICE_FAMILY = "1,2";
				TEST_HOST = "$(BUILT_PRODUCTS_DIR)/AssignmentOne.app/$(BUNDLE_EXECUTABLE_FOLDER_PATH)/AssignmentOne";
			};
			name = Debug;
		};
		D03F7C2D29C2DADB00F87789 /* Release */ = {
			isa = XCBuildConfiguration;
			buildSettings = {
				ALWAYS_EMBED_SWIFT_STANDARD_LIBRARIES = YES;
				BUNDLE_LOADER = "$(TEST_HOST)";
				CODE_SIGN_STYLE = Automatic;
				CURRENT_PROJECT_VERSION = 1;
				GENERATE_INFOPLIST_FILE = YES;
				IPHONEOS_DEPLOYMENT_TARGET = 16.2;
				MARKETING_VERSION = 1.0;
				PRODUCT_BUNDLE_IDENTIFIER = "Griffith-Uni.AssignmentOneTests";
				PRODUCT_NAME = "$(TARGET_NAME)";
				SWIFT_EMIT_LOC_STRINGS = NO;
				SWIFT_VERSION = 5.0;
				TARGETED_DEVICE_FAMILY = "1,2";
				TEST_HOST = "$(BUILT_PRODUCTS_DIR)/AssignmentOne.app/$(BUNDLE_EXECUTABLE_FOLDER_PATH)/AssignmentOne";
			};
			name = Release;
		};
		D03F7C2F29C2DADB00F87789 /* Debug */ = {
			isa = XCBuildConfiguration;
			buildSettings = {
				ALWAYS_EMBED_SWIFT_STANDARD_LIBRARIES = YES;
				CODE_SIGN_STYLE = Automatic;
				CURRENT_PROJECT_VERSION = 1;
				GENERATE_INFOPLIST_FILE = YES;
				MARKETING_VERSION = 1.0;
				PRODUCT_BUNDLE_IDENTIFIER = "Griffith-Uni.AssignmentOneUITests";
				PRODUCT_NAME = "$(TARGET_NAME)";
				SWIFT_EMIT_LOC_STRINGS = NO;
				SWIFT_VERSION = 5.0;
				TARGETED_DEVICE_FAMILY = "1,2";
				TEST_TARGET_NAME = AssignmentOne;
			};
			name = Debug;
		};
		D03F7C3029C2DADB00F87789 /* Release */ = {
			isa = XCBuildConfiguration;
			buildSettings = {
				ALWAYS_EMBED_SWIFT_STANDARD_LIBRARIES = YES;
				CODE_SIGN_STYLE = Automatic;
				CURRENT_PROJECT_VERSION = 1;
				GENERATE_INFOPLIST_FILE = YES;
				MARKETING_VERSION = 1.0;
				PRODUCT_BUNDLE_IDENTIFIER = "Griffith-Uni.AssignmentOneUITests";
				PRODUCT_NAME = "$(TARGET_NAME)";
				SWIFT_EMIT_LOC_STRINGS = NO;
				SWIFT_VERSION = 5.0;
				TARGETED_DEVICE_FAMILY = "1,2";
				TEST_TARGET_NAME = AssignmentOne;
			};
			name = Release;
		};
/* End XCBuildConfiguration section */

/* Begin XCConfigurationList section */
		D03F7BFF29C2DAD900F87789 /* Build configuration list for PBXProject "AssignmentOne" */ = {
			isa = XCConfigurationList;
			buildConfigurations = (
				D03F7C2629C2DADB00F87789 /* Debug */,
				D03F7C2729C2DADB00F87789 /* Release */,
			);
			defaultConfigurationIsVisible = 0;
			defaultConfigurationName = Release;
		};
		D03F7C2829C2DADB00F87789 /* Build configuration list for PBXNativeTarget "AssignmentOne" */ = {
			isa = XCConfigurationList;
			buildConfigurations = (
				D03F7C2929C2DADB00F87789 /* Debug */,
				D03F7C2A29C2DADB00F87789 /* Release */,
			);
			defaultConfigurationIsVisible = 0;
			defaultConfigurationName = Release;
		};
		D03F7C2B29C2DADB00F87789 /* Build configuration list for PBXNativeTarget "AssignmentOneTests" */ = {
			isa = XCConfigurationList;
			buildConfigurations = (
				D03F7C2C29C2DADB00F87789 /* Debug */,
				D03F7C2D29C2DADB00F87789 /* Release */,
			);
			defaultConfigurationIsVisible = 0;
			defaultConfigurationName = Release;
		};
		D03F7C2E29C2DADB00F87789 /* Build configuration list for PBXNativeTarget "AssignmentOneUITests" */ = {
			isa = XCConfigurationList;
			buildConfigurations = (
				D03F7C2F29C2DADB00F87789 /* Debug */,
				D03F7C3029C2DADB00F87789 /* Release */,
			);
			defaultConfigurationIsVisible = 0;
			defaultConfigurationName = Release;
		};
/* End XCConfigurationList section */
	};
	rootObject = D03F7BFC29C2DAD900F87789 /* Project object */;
}
